
Microsoft Visual Studio Solution File, Format Version 11.00
# Visual C# Express 2010
Project("{FAE04EC0-301F-11D3-BF4B-00C04F79EFBC}") = "GitTesting", "GitTesting\GitTesting\GitTesting.csproj", "{32E90243-09BC-47EC-984E-0C5C513C7704}"
EndProject
Project("{96E2B04D-8817-42C6-938A-82C39BA4D311}") = "GitTestingContent", "GitTesting\GitTestingContent\GitTestingContent.contentproj", "{DF0021A3-5666-401F-BD97-DD5235FE1936}"
EndProject
Global
	GlobalSection(SolutionConfigurationPlatforms) = preSolution
		Debug|x86 = Debug|x86
		Release|x86 = Release|x86
	EndGlobalSection
	GlobalSection(ProjectConfigurationPlatforms) = postSolution
		{32E90243-09BC-47EC-984E-0C5C513C7704}.Debug|x86.ActiveCfg = Debug|x86
		{32E90243-09BC-47EC-984E-0C5C513C7704}.Debug|x86.Build.0 = Debug|x86
		{32E90243-09BC-47EC-984E-0C5C513C7704}.Release|x86.ActiveCfg = Release|x86
		{32E90243-09BC-47EC-984E-0C5C513C7704}.Release|x86.Build.0 = Release|x86
		{DF0021A3-5666-401F-BD97-DD5235FE1936}.Debug|x86.ActiveCfg = Debug|x86
		{DF0021A3-5666-401F-BD97-DD5235FE1936}.Release|x86.ActiveCfg = Release|x86
	EndGlobalSection
	GlobalSection(SolutionProperties) = preSolution
		HideSolutionNode = FALSE
	EndGlobalSection
EndGlobal
